
Microsoft Visual Studio Solution File, Format Version 12.00
# Visual Studio Version 16
VisualStudioVersion = 16.0.30804.86
MinimumVisualStudioVersion = 10.0.40219.1
Project("{FAE04EC0-301F-11D3-BF4B-00C04F79EFBC}") = "mealprep.Logic", "mealprep\mealprep.Logic.csproj", "{11154A64-C89E-4486-B390-DA93480C77A5}"
EndProject
Project("{FAE04EC0-301F-11D3-BF4B-00C04F79EFBC}") = "mealprep.Data", "mealprep.Data\mealprep.Data.csproj", "{D09C76B9-CD3E-4F66-B858-82713D43B64A}"
EndProject
Project("{FAE04EC0-301F-11D3-BF4B-00C04F79EFBC}") = "mealprep.Logic.Test", "mealprep.Logic.Test\mealprep.Logic.Test.csproj", "{838C5C24-21A0-43A8-9A40-B3A89DE6ECAA}"
EndProject
Project("{FAE04EC0-301F-11D3-BF4B-00C04F79EFBC}") = "mealprep.Program", "mealprep.Program\mealprep.Program.csproj", "{A81891DE-33AD-4097-B304-FD097E316D1E}"
EndProject
Project("{FAE04EC0-301F-11D3-BF4B-00C04F79EFBC}") = "mealprep.Repo", "mealprep.Repo\mealprep.Repo.csproj", "{D19F3ADC-CC22-49E5-9141-2E67EC26D877}"
EndProject
Global
	GlobalSection(SolutionConfigurationPlatforms) = preSolution
		Debug|Any CPU = Debug|Any CPU
		Release|Any CPU = Release|Any CPU
	EndGlobalSection
	GlobalSection(ProjectConfigurationPlatforms) = postSolution
		{11154A64-C89E-4486-B390-DA93480C77A5}.Debug|Any CPU.ActiveCfg = Debug|Any CPU
		{11154A64-C89E-4486-B390-DA93480C77A5}.Debug|Any CPU.Build.0 = Debug|Any CPU
		{11154A64-C89E-4486-B390-DA93480C77A5}.Release|Any CPU.ActiveCfg = Release|Any CPU
		{11154A64-C89E-4486-B390-DA93480C77A5}.Release|Any CPU.Build.0 = Release|Any CPU
		{D09C76B9-CD3E-4F66-B858-82713D43B64A}.Debug|Any CPU.ActiveCfg = Debug|Any CPU
		{D09C76B9-CD3E-4F66-B858-82713D43B64A}.Debug|Any CPU.Build.0 = Debug|Any CPU
		{D09C76B9-CD3E-4F66-B858-82713D43B64A}.Release|Any CPU.ActiveCfg = Release|Any CPU
		{D09C76B9-CD3E-4F66-B858-82713D43B64A}.Release|Any CPU.Build.0 = Release|Any CPU
		{838C5C24-21A0-43A8-9A40-B3A89DE6ECAA}.Debug|Any CPU.ActiveCfg = Debug|Any CPU
		{838C5C24-21A0-43A8-9A40-B3A89DE6ECAA}.Debug|Any CPU.Build.0 = Debug|Any CPU
		{838C5C24-21A0-43A8-9A40-B3A89DE6ECAA}.Release|Any CPU.ActiveCfg = Release|Any CPU
		{838C5C24-21A0-43A8-9A40-B3A89DE6ECAA}.Release|Any CPU.Build.0 = Release|Any CPU
		{A81891DE-33AD-4097-B304-FD097E316D1E}.Debug|Any CPU.ActiveCfg = Debug|Any CPU
		{A81891DE-33AD-4097-B304-FD097E316D1E}.Debug|Any CPU.Build.0 = Debug|Any CPU
		{A81891DE-33AD-4097-B304-FD097E316D1E}.Release|Any CPU.ActiveCfg = Release|Any CPU
		{A81891DE-33AD-4097-B304-FD097E316D1E}.Release|Any CPU.Build.0 = Release|Any CPU
		{D19F3ADC-CC22-49E5-9141-2E67EC26D877}.Debug|Any CPU.ActiveCfg = Debug|Any CPU
		{D19F3ADC-CC22-49E5-9141-2E67EC26D877}.Debug|Any CPU.Build.0 = Debug|Any CPU
		{D19F3ADC-CC22-49E5-9141-2E67EC26D877}.Release|Any CPU.ActiveCfg = Release|Any CPU
		{D19F3ADC-CC22-49E5-9141-2E67EC26D877}.Release|Any CPU.Build.0 = Release|Any CPU
	EndGlobalSection
	GlobalSection(SolutionProperties) = preSolution
		HideSolutionNode = FALSE
	EndGlobalSection
	GlobalSection(ExtensibilityGlobals) = postSolution
		SolutionGuid = {135DB520-2DC4-41DB-84DD-02A9F485A216}
	EndGlobalSection
EndGlobal
